// !$*UTF8*$!
{
	archiveVersion = 1;
	classes = {
	};
	objectVersion = 48;
	objects = {

/* Begin PBXBuildFile section */
		7045F7121FD0A3DC00B486ED /* LoginViewController.swift in Sources */ = {isa = PBXBuildFile; fileRef = 7045F7111FD0A3DB00B486ED /* LoginViewController.swift */; };
		7045F7151FD0AA7F00B486ED /* Student.swift in Sources */ = {isa = PBXBuildFile; fileRef = 7045F7141FD0AA7F00B486ED /* Student.swift */; };
		7045F7181FD0AC6100B486ED /* NetworkingRequests.swift in Sources */ = {isa = PBXBuildFile; fileRef = 7045F7171FD0AC6100B486ED /* NetworkingRequests.swift */; };
		7045F71A1FD0AC6A00B486ED /* NetworkingConstants.swift in Sources */ = {isa = PBXBuildFile; fileRef = 7045F7191FD0AC6A00B486ED /* NetworkingConstants.swift */; };
		7045F71C1FD0AFF100B486ED /* NetworkingError.swift in Sources */ = {isa = PBXBuildFile; fileRef = 7045F71B1FD0AFF100B486ED /* NetworkingError.swift */; };
		7045F71E1FD0B5D600B486ED /* Students.swift in Sources */ = {isa = PBXBuildFile; fileRef = 7045F71D1FD0B5D600B486ED /* Students.swift */; };
		7045F7201FD0B89A00B486ED /* StudentMapViewController.swift in Sources */ = {isa = PBXBuildFile; fileRef = 7045F71F1FD0B89A00B486ED /* StudentMapViewController.swift */; };
		7045F7221FD0B8B200B486ED /* StudentTableViewController.swift in Sources */ = {isa = PBXBuildFile; fileRef = 7045F7211FD0B8B200B486ED /* StudentTableViewController.swift */; };
		7045F7241FD0BAE200B486ED /* StudentTableViewCell.swift in Sources */ = {isa = PBXBuildFile; fileRef = 7045F7231FD0BAE200B486ED /* StudentTableViewCell.swift */; };
		7045F7261FD0CD3C00B486ED /* SessionContainer.swift in Sources */ = {isa = PBXBuildFile; fileRef = 7045F7251FD0CD3C00B486ED /* SessionContainer.swift */; };
		7045F72C1FD0EE8300B486ED /* StudentResults.swift in Sources */ = {isa = PBXBuildFile; fileRef = 7045F72B1FD0EE8300B486ED /* StudentResults.swift */; };
		7045F72E1FD0F92B00B486ED /* Profile.swift in Sources */ = {isa = PBXBuildFile; fileRef = 7045F72D1FD0F92B00B486ED /* Profile.swift */; };
		7045F7301FD0FA1D00B486ED /* ProfileManager.swift in Sources */ = {isa = PBXBuildFile; fileRef = 7045F72F1FD0FA1D00B486ED /* ProfileManager.swift */; };
		7045F7351FD10A3A00B486ED /* AddLocationViewController.swift in Sources */ = {isa = PBXBuildFile; fileRef = 7045F7341FD10A3A00B486ED /* AddLocationViewController.swift */; };
		7045F7371FD1114D00B486ED /* AddLocationMapViewController.swift in Sources */ = {isa = PBXBuildFile; fileRef = 7045F7361FD1114D00B486ED /* AddLocationMapViewController.swift */; };
		70F6389C1FD09EBF00F242AF /* AppDelegate.swift in Sources */ = {isa = PBXBuildFile; fileRef = 70F6389B1FD09EBF00F242AF /* AppDelegate.swift */; };
		70F638A11FD09EBF00F242AF /* Main.storyboard in Resources */ = {isa = PBXBuildFile; fileRef = 70F6389F1FD09EBF00F242AF /* Main.storyboard */; };
		70F638A31FD09EBF00F242AF /* Assets.xcassets in Resources */ = {isa = PBXBuildFile; fileRef = 70F638A21FD09EBF00F242AF /* Assets.xcassets */; };
		70F638A61FD09EBF00F242AF /* LaunchScreen.storyboard in Resources */ = {isa = PBXBuildFile; fileRef = 70F638A41FD09EBF00F242AF /* LaunchScreen.storyboard */; };
/* End PBXBuildFile section */

/* Begin PBXFileReference section */
		7045F7111FD0A3DB00B486ED /* LoginViewController.swift */ = {isa = PBXFileReference; fileEncoding = 4; lastKnownFileType = sourcecode.swift; path = LoginViewController.swift; sourceTree = "<group>"; };
		7045F7141FD0AA7F00B486ED /* Student.swift */ = {isa = PBXFileReference; lastKnownFileType = sourcecode.swift; path = Student.swift; sourceTree = "<group>"; };
		7045F7171FD0AC6100B486ED /* NetworkingRequests.swift */ = {isa = PBXFileReference; lastKnownFileType = sourcecode.swift; path = NetworkingRequests.swift; sourceTree = "<group>"; };
		7045F7191FD0AC6A00B486ED /* NetworkingConstants.swift */ = {isa = PBXFileReference; lastKnownFileType = sourcecode.swift; path = NetworkingConstants.swift; sourceTree = "<group>"; };
		7045F71B1FD0AFF100B486ED /* NetworkingError.swift */ = {isa = PBXFileReference; lastKnownFileType = sourcecode.swift; path = NetworkingError.swift; sourceTree = "<group>"; };
		7045F71D1FD0B5D600B486ED /* Students.swift */ = {isa = PBXFileReference; lastKnownFileType = sourcecode.swift; path = Students.swift; sourceTree = "<group>"; };
		7045F71F1FD0B89A00B486ED /* StudentMapViewController.swift */ = {isa = PBXFileReference; lastKnownFileType = sourcecode.swift; path = StudentMapViewController.swift; sourceTree = "<group>"; };
		7045F7211FD0B8B200B486ED /* StudentTableViewController.swift */ = {isa = PBXFileReference; lastKnownFileType = sourcecode.swift; path = StudentTableViewController.swift; sourceTree = "<group>"; };
		7045F7231FD0BAE200B486ED /* StudentTableViewCell.swift */ = {isa = PBXFileReference; lastKnownFileType = sourcecode.swift; path = StudentTableViewCell.swift; sourceTree = "<group>"; };
		7045F7251FD0CD3C00B486ED /* SessionContainer.swift */ = {isa = PBXFileReference; lastKnownFileType = sourcecode.swift; path = SessionContainer.swift; sourceTree = "<group>"; };
		7045F72B1FD0EE8300B486ED /* StudentResults.swift */ = {isa = PBXFileReference; lastKnownFileType = sourcecode.swift; path = StudentResults.swift; sourceTree = "<group>"; };
		7045F72D1FD0F92B00B486ED /* Profile.swift */ = {isa = PBXFileReference; lastKnownFileType = sourcecode.swift; path = Profile.swift; sourceTree = "<group>"; };
		7045F72F1FD0FA1D00B486ED /* ProfileManager.swift */ = {isa = PBXFileReference; lastKnownFileType = sourcecode.swift; path = ProfileManager.swift; sourceTree = "<group>"; };
		7045F7341FD10A3A00B486ED /* AddLocationViewController.swift */ = {isa = PBXFileReference; lastKnownFileType = sourcecode.swift; path = AddLocationViewController.swift; sourceTree = "<group>"; };
		7045F7361FD1114D00B486ED /* AddLocationMapViewController.swift */ = {isa = PBXFileReference; lastKnownFileType = sourcecode.swift; path = AddLocationMapViewController.swift; sourceTree = "<group>"; };
		70F638981FD09EBF00F242AF /* OnTheMap.app */ = {isa = PBXFileReference; explicitFileType = wrapper.application; includeInIndex = 0; path = OnTheMap.app; sourceTree = BUILT_PRODUCTS_DIR; };
		70F6389B1FD09EBF00F242AF /* AppDelegate.swift */ = {isa = PBXFileReference; lastKnownFileType = sourcecode.swift; path = AppDelegate.swift; sourceTree = "<group>"; };
		70F638A01FD09EBF00F242AF /* Base */ = {isa = PBXFileReference; lastKnownFileType = file.storyboard; name = Base; path = Base.lproj/Main.storyboard; sourceTree = "<group>"; };
		70F638A21FD09EBF00F242AF /* Assets.xcassets */ = {isa = PBXFileReference; lastKnownFileType = folder.assetcatalog; path = Assets.xcassets; sourceTree = "<group>"; };
		70F638A51FD09EBF00F242AF /* Base */ = {isa = PBXFileReference; lastKnownFileType = file.storyboard; name = Base; path = Base.lproj/LaunchScreen.storyboard; sourceTree = "<group>"; };
		70F638A71FD09EBF00F242AF /* Info.plist */ = {isa = PBXFileReference; lastKnownFileType = text.plist.xml; path = Info.plist; sourceTree = "<group>"; };
/* End PBXFileReference section */

/* Begin PBXFrameworksBuildPhase section */
		70F638951FD09EBF00F242AF /* Frameworks */ = {
			isa = PBXFrameworksBuildPhase;
			buildActionMask = 2147483647;
			files = (
			);
			runOnlyForDeploymentPostprocessing = 0;
		};
/* End PBXFrameworksBuildPhase section */

/* Begin PBXGroup section */
		7045F7101FD0A3DB00B486ED /* Views */ = {
			isa = PBXGroup;
			children = (
				7045F7111FD0A3DB00B486ED /* LoginViewController.swift */,
				7045F73A1FD1E9C200B486ED /* MapViewTab */,
				7045F7381FD1E99F00B486ED /* TableViewTab */,
				7045F7391FD1E9B400B486ED /* AddLocationModal */,
			);
			path = Views;
			sourceTree = "<group>";
		};
		7045F7131FD0AA5700B486ED /* Models */ = {
			isa = PBXGroup;
			children = (
				7045F7311FD0FCEA00B486ED /* Profile */,
				7045F7321FD0FCF200B486ED /* Student */,
				7045F7331FD0FD0000B486ED /* Session */,
			);
			path = Models;
			sourceTree = "<group>";
		};
		7045F7161FD0AC5200B486ED /* Networking */ = {
			isa = PBXGroup;
			children = (
				7045F7191FD0AC6A00B486ED /* NetworkingConstants.swift */,
				7045F71B1FD0AFF100B486ED /* NetworkingError.swift */,
				7045F7171FD0AC6100B486ED /* NetworkingRequests.swift */,
			);
			path = Networking;
			sourceTree = "<group>";
		};
		7045F7311FD0FCEA00B486ED /* Profile */ = {
			isa = PBXGroup;
			children = (
				7045F72F1FD0FA1D00B486ED /* ProfileManager.swift */,
				7045F72D1FD0F92B00B486ED /* Profile.swift */,
			);
			path = Profile;
			sourceTree = "<group>";
		};
		7045F7321FD0FCF200B486ED /* Student */ = {
			isa = PBXGroup;
			children = (
				7045F72B1FD0EE8300B486ED /* StudentResults.swift */,
				7045F71D1FD0B5D600B486ED /* Students.swift */,
				7045F7141FD0AA7F00B486ED /* Student.swift */,
			);
			path = Student;
			sourceTree = "<group>";
		};
		7045F7331FD0FD0000B486ED /* Session */ = {
			isa = PBXGroup;
			children = (
				7045F7251FD0CD3C00B486ED /* SessionContainer.swift */,
			);
			path = Session;
			sourceTree = "<group>";
		};
		7045F7381FD1E99F00B486ED /* TableViewTab */ = {
			isa = PBXGroup;
			children = (
				7045F7211FD0B8B200B486ED /* StudentTableViewController.swift */,
				7045F7231FD0BAE200B486ED /* StudentTableViewCell.swift */,
			);
			path = TableViewTab;
			sourceTree = "<group>";
		};
		7045F7391FD1E9B400B486ED /* AddLocationModal */ = {
			isa = PBXGroup;
			children = (
				7045F7341FD10A3A00B486ED /* AddLocationViewController.swift */,
				7045F7361FD1114D00B486ED /* AddLocationMapViewController.swift */,
			);
			path = AddLocationModal;
			sourceTree = "<group>";
		};
		7045F73A1FD1E9C200B486ED /* MapViewTab */ = {
			isa = PBXGroup;
			children = (
				7045F71F1FD0B89A00B486ED /* StudentMapViewController.swift */,
			);
			name = MapViewTab;
			sourceTree = "<group>";
		};
		70F6388F1FD09EBF00F242AF = {
			isa = PBXGroup;
			children = (
				70F6389A1FD09EBF00F242AF /* OnTheMap */,
				70F638991FD09EBF00F242AF /* Products */,
			);
			sourceTree = "<group>";
		};
		70F638991FD09EBF00F242AF /* Products */ = {
			isa = PBXGroup;
			children = (
				70F638981FD09EBF00F242AF /* OnTheMap.app */,
			);
			name = Products;
			sourceTree = "<group>";
		};
		70F6389A1FD09EBF00F242AF /* OnTheMap */ = {
			isa = PBXGroup;
			children = (
				70F6389B1FD09EBF00F242AF /* AppDelegate.swift */,
				7045F7161FD0AC5200B486ED /* Networking */,
				7045F7131FD0AA5700B486ED /* Models */,
				7045F7101FD0A3DB00B486ED /* Views */,
				70F6389F1FD09EBF00F242AF /* Main.storyboard */,
				70F638A21FD09EBF00F242AF /* Assets.xcassets */,
				70F638A41FD09EBF00F242AF /* LaunchScreen.storyboard */,
				70F638A71FD09EBF00F242AF /* Info.plist */,
			);
			path = OnTheMap;
			sourceTree = "<group>";
		};
/* End PBXGroup section */

/* Begin PBXNativeTarget section */
		70F638971FD09EBF00F242AF /* OnTheMap */ = {
			isa = PBXNativeTarget;
			buildConfigurationList = 70F638AA1FD09EBF00F242AF /* Build configuration list for PBXNativeTarget "OnTheMap" */;
			buildPhases = (
				70F638941FD09EBF00F242AF /* Sources */,
				70F638951FD09EBF00F242AF /* Frameworks */,
				70F638961FD09EBF00F242AF /* Resources */,
			);
			buildRules = (
			);
			dependencies = (
			);
			name = OnTheMap;
			productName = OnTheMap;
			productReference = 70F638981FD09EBF00F242AF /* OnTheMap.app */;
			productType = "com.apple.product-type.application";
		};
/* End PBXNativeTarget section */

/* Begin PBXProject section */
		70F638901FD09EBF00F242AF /* Project object */ = {
			isa = PBXProject;
			attributes = {
				LastSwiftUpdateCheck = 0910;
				LastUpgradeCheck = 0910;
				ORGANIZATIONNAME = "Alec O'Connor";
				TargetAttributes = {
					70F638971FD09EBF00F242AF = {
						CreatedOnToolsVersion = 9.1;
						ProvisioningStyle = Automatic;
					};
				};
			};
			buildConfigurationList = 70F638931FD09EBF00F242AF /* Build configuration list for PBXProject "OnTheMap" */;
			compatibilityVersion = "Xcode 8.0";
			developmentRegion = en;
			hasScannedForEncodings = 0;
			knownRegions = (
				en,
				Base,
			);
			mainGroup = 70F6388F1FD09EBF00F242AF;
			productRefGroup = 70F638991FD09EBF00F242AF /* Products */;
			projectDirPath = "";
			projectRoot = "";
			targets = (
				70F638971FD09EBF00F242AF /* OnTheMap */,
			);
		};
/* End PBXProject section */

/* Begin PBXResourcesBuildPhase section */
		70F638961FD09EBF00F242AF /* Resources */ = {
			isa = PBXResourcesBuildPhase;
			buildActionMask = 2147483647;
			files = (
				70F638A61FD09EBF00F242AF /* LaunchScreen.storyboard in Resources */,
				70F638A31FD09EBF00F242AF /* Assets.xcassets in Resources */,
				70F638A11FD09EBF00F242AF /* Main.storyboard in Resources */,
			);
			runOnlyForDeploymentPostprocessing = 0;
		};
/* End PBXResourcesBuildPhase section */

/* Begin PBXSourcesBuildPhase section */
		70F638941FD09EBF00F242AF /* Sources */ = {
			isa = PBXSourcesBuildPhase;
			buildActionMask = 2147483647;
			files = (
				7045F7121FD0A3DC00B486ED /* LoginViewController.swift in Sources */,
				7045F7241FD0BAE200B486ED /* StudentTableViewCell.swift in Sources */,
				7045F71A1FD0AC6A00B486ED /* NetworkingConstants.swift in Sources */,
				7045F7301FD0FA1D00B486ED /* ProfileManager.swift in Sources */,
				7045F72E1FD0F92B00B486ED /* Profile.swift in Sources */,
				7045F71C1FD0AFF100B486ED /* NetworkingError.swift in Sources */,
				7045F71E1FD0B5D600B486ED /* Students.swift in Sources */,
				7045F7351FD10A3A00B486ED /* AddLocationViewController.swift in Sources */,
				7045F7261FD0CD3C00B486ED /* SessionContainer.swift in Sources */,
				7045F7151FD0AA7F00B486ED /* Student.swift in Sources */,
				7045F7201FD0B89A00B486ED /* StudentMapViewController.swift in Sources */,
				7045F72C1FD0EE8300B486ED /* StudentResults.swift in Sources */,
				7045F7371FD1114D00B486ED /* AddLocationMapViewController.swift in Sources */,
				70F6389C1FD09EBF00F242AF /* AppDelegate.swift in Sources */,
				7045F7181FD0AC6100B486ED /* NetworkingRequests.swift in Sources */,
				7045F7221FD0B8B200B486ED /* StudentTableViewController.swift in Sources */,
			);
			runOnlyForDeploymentPostprocessing = 0;
		};
/* End PBXSourcesBuildPhase section */

/* Begin PBXVariantGroup section */
		70F6389F1FD09EBF00F242AF /* Main.storyboard */ = {
			isa = PBXVariantGroup;
			children = (
				70F638A01FD09EBF00F242AF /* Base */,
			);
			name = Main.storyboard;
			sourceTree = "<group>";
		};
		70F638A41FD09EBF00F242AF /* LaunchScreen.storyboard */ = {
			isa = PBXVariantGroup;
			children = (
				70F638A51FD09EBF00F242AF /* Base */,
			);
			name = LaunchScreen.storyboard;
			sourceTree = "<group>";
		};
/* End PBXVariantGroup section */

/* Begin XCBuildConfiguration section */
		70F638A81FD09EBF00F242AF /* Debug */ = {
			isa = XCBuildConfiguration;
			buildSettings = {
				ALWAYS_SEARCH_USER_PATHS = NO;
				CLANG_ANALYZER_NONNULL = YES;
				CLANG_ANALYZER_NUMBER_OBJECT_CONVERSION = YES_AGGRESSIVE;
				CLANG_CXX_LANGUAGE_STANDARD = "gnu++14";
				CLANG_CXX_LIBRARY = "libc++";
				CLANG_ENABLE_MODULES = YES;
				CLANG_ENABLE_OBJC_ARC = YES;
				CLANG_WARN_BLOCK_CAPTURE_AUTORELEASING = YES;
				CLANG_WARN_BOOL_CONVERSION = YES;
				CLANG_WARN_COMMA = YES;
				CLANG_WARN_CONSTANT_CONVERSION = YES;
				CLANG_WARN_DIRECT_OBJC_ISA_USAGE = YES_ERROR;
				CLANG_WARN_DOCUMENTATION_COMMENTS = YES;
				CLANG_WARN_EMPTY_BODY = YES;
				CLANG_WARN_ENUM_CONVERSION = YES;
				CLANG_WARN_INFINITE_RECURSION = YES;
				CLANG_WARN_INT_CONVERSION = YES;
				CLANG_WARN_NON_LITERAL_NULL_CONVERSION = YES;
				CLANG_WARN_OBJC_LITERAL_CONVERSION = YES;
				CLANG_WARN_OBJC_ROOT_CLASS = YES_ERROR;
				CLANG_WARN_RANGE_LOOP_ANALYSIS = YES;
				CLANG_WARN_STRICT_PROTOTYPES = YES;
				CLANG_WARN_SUSPICIOUS_MOVE = YES;
				CLANG_WARN_UNGUARDED_AVAILABILITY = YES_AGGRESSIVE;
				CLANG_WARN_UNREACHABLE_CODE = YES;
				CLANG_WARN__DUPLICATE_METHOD_MATCH = YES;
				CODE_SIGN_IDENTITY = "iPhone Developer";
				COPY_PHASE_STRIP = NO;
				DEBUG_INFORMATION_FORMAT = dwarf;
				ENABLE_STRICT_OBJC_MSGSEND = YES;
				ENABLE_TESTABILITY = YES;
				GCC_C_LANGUAGE_STANDARD = gnu11;
				GCC_DYNAMIC_NO_PIC = NO;
				GCC_NO_COMMON_BLOCKS = YES;
				GCC_OPTIMIZATION_LEVEL = 0;
				GCC_PREPROCESSOR_DEFINITIONS = (
					"DEBUG=1",
					"$(inherited)",
				);
				GCC_WARN_64_TO_32_BIT_CONVERSION = YES;
				GCC_WARN_ABOUT_RETURN_TYPE = YES_ERROR;
				GCC_WARN_UNDECLARED_SELECTOR = YES;
				GCC_WARN_UNINITIALIZED_AUTOS = YES_AGGRESSIVE;
				GCC_WARN_UNUSED_FUNCTION = YES;
				GCC_WARN_UNUSED_VARIABLE = YES;
				IPHONEOS_DEPLOYMENT_TARGET = 11.1;
				MTL_ENABLE_DEBUG_INFO = YES;
				ONLY_ACTIVE_ARCH = YES;
				SDKROOT = iphoneos;
				SWIFT_ACTIVE_COMPILATION_CONDITIONS = DEBUG;
				SWIFT_OPTIMIZATION_LEVEL = "-Onone";
			};
			name = Debug;
		};
		70F638A91FD09EBF00F242AF /* Release */ = {
			isa = XCBuildConfiguration;
			buildSettings = {
				ALWAYS_SEARCH_USER_PATHS = NO;
				CLANG_ANALYZER_NONNULL = YES;
				CLANG_ANALYZER_NUMBER_OBJECT_CONVERSION = YES_AGGRESSIVE;
				CLANG_CXX_LANGUAGE_STANDARD = "gnu++14";
				CLANG_CXX_LIBRARY = "libc++";
				CLANG_ENABLE_MODULES = YES;
				CLANG_ENABLE_OBJC_ARC = YES;
				CLANG_WARN_BLOCK_CAPTURE_AUTORELEASING = YES;
				CLANG_WARN_BOOL_CONVERSION = YES;
				CLANG_WARN_COMMA = YES;
				CLANG_WARN_CONSTANT_CONVERSION = YES;
				CLANG_WARN_DIRECT_OBJC_ISA_USAGE = YES_ERROR;
				CLANG_WARN_DOCUMENTATION_COMMENTS = YES;
				CLANG_WARN_EMPTY_BODY = YES;
				CLANG_WARN_ENUM_CONVERSION = YES;
				CLANG_WARN_INFINITE_RECURSION = YES;
				CLANG_WARN_INT_CONVERSION = YES;
				CLANG_WARN_NON_LITERAL_NULL_CONVERSION = YES;
				CLANG_WARN_OBJC_LITERAL_CONVERSION = YES;
				CLANG_WARN_OBJC_ROOT_CLASS = YES_ERROR;
				CLANG_WARN_RANGE_LOOP_ANALYSIS = YES;
				CLANG_WARN_STRICT_PROTOTYPES = YES;
				CLANG_WARN_SUSPICIOUS_MOVE = YES;
				CLANG_WARN_UNGUARDED_AVAILABILITY = YES_AGGRESSIVE;
				CLANG_WARN_UNREACHABLE_CODE = YES;
				CLANG_WARN__DUPLICATE_METHOD_MATCH = YES;
				CODE_SIGN_IDENTITY = "iPhone Developer";
				COPY_PHASE_STRIP = NO;
				DEBUG_INFORMATION_FORMAT = "dwarf-with-dsym";
				ENABLE_NS_ASSERTIONS = NO;
				ENABLE_STRICT_OBJC_MSGSEND = YES;
				GCC_C_LANGUAGE_STANDARD = gnu11;
				GCC_NO_COMMON_BLOCKS = YES;
				GCC_WARN_64_TO_32_BIT_CONVERSION = YES;
				GCC_WARN_ABOUT_RETURN_TYPE = YES_ERROR;
				GCC_WARN_UNDECLARED_SELECTOR = YES;
				GCC_WARN_UNINITIALIZED_AUTOS = YES_AGGRESSIVE;
				GCC_WARN_UNUSED_FUNCTION = YES;
				GCC_WARN_UNUSED_VARIABLE = YES;
				IPHONEOS_DEPLOYMENT_TARGET = 11.1;
				MTL_ENABLE_DEBUG_INFO = NO;
				SDKROOT = iphoneos;
				SWIFT_OPTIMIZATION_LEVEL = "-Owholemodule";
				VALIDATE_PRODUCT = YES;
			};
			name = Release;
		};
		70F638AB1FD09EBF00F242AF /* Debug */ = {
			isa = XCBuildConfiguration;
			buildSettings = {
				ASSETCATALOG_COMPILER_APPICON_NAME = AppIcon;
				CODE_SIGN_STYLE = Automatic;
				DEVELOPMENT_TEAM = 24LJMF7J23;
				INFOPLIST_FILE = OnTheMap/Info.plist;
				IPHONEOS_DEPLOYMENT_TARGET = 10.0;
				LD_RUNPATH_SEARCH_PATHS = "$(inherited) @executable_path/Frameworks";
				PRODUCT_BUNDLE_IDENTIFIER = com.alecoconnor.OnTheMap;
				PRODUCT_NAME = "$(TARGET_NAME)";
				SWIFT_VERSION = 4.0;
				TARGETED_DEVICE_FAMILY = "1,2";
			};
			name = Debug;
		};
		70F638AC1FD09EBF00F242AF /* Release */ = {
			isa = XCBuildConfiguration;
			buildSettings = {
				ASSETCATALOG_COMPILER_APPICON_NAME = AppIcon;
				CODE_SIGN_STYLE = Automatic;
				DEVELOPMENT_TEAM = 24LJMF7J23;
				INFOPLIST_FILE = OnTheMap/Info.plist;
				IPHONEOS_DEPLOYMENT_TARGET = 10.0;
				LD_RUNPATH_SEARCH_PATHS = "$(inherited) @executable_path/Frameworks";
				PRODUCT_BUNDLE_IDENTIFIER = com.alecoconnor.OnTheMap;
				PRODUCT_NAME = "$(TARGET_NAME)";
				SWIFT_VERSION = 4.0;
				TARGETED_DEVICE_FAMILY = "1,2";
			};
			name = Release;
		};
/* End XCBuildConfiguration section */

/* Begin XCConfigurationList section */
		70F638931FD09EBF00F242AF /* Build configuration list for PBXProject "OnTheMap" */ = {
			isa = XCConfigurationList;
			buildConfigurations = (
				70F638A81FD09EBF00F242AF /* Debug */,
				70F638A91FD09EBF00F242AF /* Release */,
			);
			defaultConfigurationIsVisible = 0;
			defaultConfigurationName = Release;
		};
		70F638AA1FD09EBF00F242AF /* Build configuration list for PBXNativeTarget "OnTheMap" */ = {
			isa = XCConfigurationList;
			buildConfigurations = (
				70F638AB1FD09EBF00F242AF /* Debug */,
				70F638AC1FD09EBF00F242AF /* Release */,
			);
			defaultConfigurationIsVisible = 0;
			defaultConfigurationName = Release;
		};
/* End XCConfigurationList section */
	};
	rootObject = 70F638901FD09EBF00F242AF /* Project object */;
}
